Microsoft Visual Studio Solution File, Format Version 11.00
# Visual Studio 2008

Project("{8AA1729B-90E7-FD8B-B087-E4C8CA35B311}") = "BlockKuzushi", "Assembly-UnityScript.unityproj", "{D2691644-4D46-74CA-2238-2E17DF588F53}"
EndProject
Global
	GlobalSection(SolutionConfigurationPlatforms) = preSolution
		Debug|Any CPU = Debug|Any CPU
		Release|Any CPU = Release|Any CPU
	EndGlobalSection
	GlobalSection(ProjectConfigurationPlatforms) = postSolution
		{D2691644-4D46-74CA-2238-2E17DF588F53}.Debug|Any CPU.ActiveCfg = Debug|Any CPU
		{D2691644-4D46-74CA-2238-2E17DF588F53}.Debug|Any CPU.Build.0 = Debug|Any CPU
		{D2691644-4D46-74CA-2238-2E17DF588F53}.Release|Any CPU.ActiveCfg = Release|Any CPU
		{D2691644-4D46-74CA-2238-2E17DF588F53}.Release|Any CPU.Build.0 = Release|Any CPU
	EndGlobalSection
	GlobalSection(SolutionProperties) = preSolution
		HideSolutionNode = FALSE
	EndGlobalSection
	GlobalSection(MonoDevelopProperties) = preSolution
		StartupItem = Assembly-CSharp.csproj
	EndGlobalSection
EndGlobal
